
Microsoft Visual Studio Solution File, Format Version 12.00
Project("{2150E333-8FDC-42A3-9474-1A3956D46DE8}") = "1. Domain", "1. Domain", "{BDE2A0C2-D7F3-4174-BC15-E5A24F7232F9}"
EndProject
Project("{2150E333-8FDC-42A3-9474-1A3956D46DE8}") = "2. Application", "2. Application", "{4D5E6AA3-ED80-4F5E-A512-346FAE50531C}"
EndProject
Project("{2150E333-8FDC-42A3-9474-1A3956D46DE8}") = "3. Persistence", "3. Persistence", "{C3D99EB9-3F38-47DF-9B67-BB9B4C788474}"
EndProject
Project("{2150E333-8FDC-42A3-9474-1A3956D46DE8}") = "4. Infrastructure", "4. Infrastructure", "{52005D29-27E0-47E5-B3D8-39ADAECAEFCD}"
EndProject
Project("{2150E333-8FDC-42A3-9474-1A3956D46DE8}") = "5. Presentation", "5. Presentation", "{8BD89F13-7519-4E87-8E08-D8E9A3CFF811}"
EndProject
Project("{FAE04EC0-301F-11D3-BF4B-00C04F79EFBC}") = "SWM.CTA.Presentation.ConsoleApp", "SWM.CTA.Presentation.ConsoleApp\SWM.CTA.Presentation.ConsoleApp.csproj", "{F8261C40-E83A-494B-A284-BC5337FE8C23}"
EndProject
Project("{FAE04EC0-301F-11D3-BF4B-00C04F79EFBC}") = "SWM.CTA.Infrastructure", "SWM.CTA.Infrastructure\SWM.CTA.Infrastructure.csproj", "{FC405AD2-3766-4E73-848E-BC67E1399E72}"
EndProject
Project("{FAE04EC0-301F-11D3-BF4B-00C04F79EFBC}") = "SWM.CTA.Application", "SWM.CTA.Application\SWM.CTA.Application.csproj", "{E2B8E052-D5D2-4C29-BA45-4E6C6A7B3ECD}"
EndProject
Project("{FAE04EC0-301F-11D3-BF4B-00C04F79EFBC}") = "SWM.CTA.Domain", "SWM.CTA.Domain\SWM.CTA.Domain.csproj", "{671ECCE7-B21E-4A95-9C0A-1F2949B5BE29}"
EndProject
Project("{FAE04EC0-301F-11D3-BF4B-00C04F79EFBC}") = "SWM.CTA.Domain.Tests", "SWM.CTA.Domain.Tests\SWM.CTA.Domain.Tests.csproj", "{C0406AFD-C330-4A2D-9BF5-E339D5B632A6}"
EndProject
Global
	GlobalSection(SolutionConfigurationPlatforms) = preSolution
		Debug|Any CPU = Debug|Any CPU
		Release|Any CPU = Release|Any CPU
	EndGlobalSection
	GlobalSection(ProjectConfigurationPlatforms) = postSolution
		{F8261C40-E83A-494B-A284-BC5337FE8C23}.Debug|Any CPU.ActiveCfg = Debug|Any CPU
		{F8261C40-E83A-494B-A284-BC5337FE8C23}.Debug|Any CPU.Build.0 = Debug|Any CPU
		{F8261C40-E83A-494B-A284-BC5337FE8C23}.Release|Any CPU.ActiveCfg = Release|Any CPU
		{F8261C40-E83A-494B-A284-BC5337FE8C23}.Release|Any CPU.Build.0 = Release|Any CPU
		{FC405AD2-3766-4E73-848E-BC67E1399E72}.Debug|Any CPU.ActiveCfg = Debug|Any CPU
		{FC405AD2-3766-4E73-848E-BC67E1399E72}.Debug|Any CPU.Build.0 = Debug|Any CPU
		{FC405AD2-3766-4E73-848E-BC67E1399E72}.Release|Any CPU.ActiveCfg = Release|Any CPU
		{FC405AD2-3766-4E73-848E-BC67E1399E72}.Release|Any CPU.Build.0 = Release|Any CPU
		{E2B8E052-D5D2-4C29-BA45-4E6C6A7B3ECD}.Debug|Any CPU.ActiveCfg = Debug|Any CPU
		{E2B8E052-D5D2-4C29-BA45-4E6C6A7B3ECD}.Debug|Any CPU.Build.0 = Debug|Any CPU
		{E2B8E052-D5D2-4C29-BA45-4E6C6A7B3ECD}.Release|Any CPU.ActiveCfg = Release|Any CPU
		{E2B8E052-D5D2-4C29-BA45-4E6C6A7B3ECD}.Release|Any CPU.Build.0 = Release|Any CPU
		{671ECCE7-B21E-4A95-9C0A-1F2949B5BE29}.Debug|Any CPU.ActiveCfg = Debug|Any CPU
		{671ECCE7-B21E-4A95-9C0A-1F2949B5BE29}.Debug|Any CPU.Build.0 = Debug|Any CPU
		{671ECCE7-B21E-4A95-9C0A-1F2949B5BE29}.Release|Any CPU.ActiveCfg = Release|Any CPU
		{671ECCE7-B21E-4A95-9C0A-1F2949B5BE29}.Release|Any CPU.Build.0 = Release|Any CPU
		{C0406AFD-C330-4A2D-9BF5-E339D5B632A6}.Debug|Any CPU.ActiveCfg = Debug|Any CPU
		{C0406AFD-C330-4A2D-9BF5-E339D5B632A6}.Debug|Any CPU.Build.0 = Debug|Any CPU
		{C0406AFD-C330-4A2D-9BF5-E339D5B632A6}.Release|Any CPU.ActiveCfg = Release|Any CPU
		{C0406AFD-C330-4A2D-9BF5-E339D5B632A6}.Release|Any CPU.Build.0 = Release|Any CPU
	EndGlobalSection
	GlobalSection(NestedProjects) = preSolution
		{F8261C40-E83A-494B-A284-BC5337FE8C23} = {8BD89F13-7519-4E87-8E08-D8E9A3CFF811}
		{FC405AD2-3766-4E73-848E-BC67E1399E72} = {52005D29-27E0-47E5-B3D8-39ADAECAEFCD}
		{E2B8E052-D5D2-4C29-BA45-4E6C6A7B3ECD} = {4D5E6AA3-ED80-4F5E-A512-346FAE50531C}
		{671ECCE7-B21E-4A95-9C0A-1F2949B5BE29} = {BDE2A0C2-D7F3-4174-BC15-E5A24F7232F9}
		{C0406AFD-C330-4A2D-9BF5-E339D5B632A6} = {BDE2A0C2-D7F3-4174-BC15-E5A24F7232F9}
	EndGlobalSection
EndGlobal
